
Microsoft Visual Studio Solution File, Format Version 12.00
# Visual Studio Version 17
VisualStudioVersion = 17.9.34728.123
MinimumVisualStudioVersion = 10.0.40219.1
Project("{FAE04EC0-301F-11D3-BF4B-00C04F79EFBC}") = "SimpleApp06 [EF  CdF]", "SimpleApp06 [EF  CdF]\SimpleApp06 [EF  CdF].csproj", "{BEE3F300-CD9E-4404-9027-F7935C901C8A}"
EndProject
Global
	GlobalSection(SolutionConfigurationPlatforms) = preSolution
		Debug|Any CPU = Debug|Any CPU
		Release|Any CPU = Release|Any CPU
	EndGlobalSection
	GlobalSection(ProjectConfigurationPlatforms) = postSolution
		{BEE3F300-CD9E-4404-9027-F7935C901C8A}.Debug|Any CPU.ActiveCfg = Debug|Any CPU
		{BEE3F300-CD9E-4404-9027-F7935C901C8A}.Debug|Any CPU.Build.0 = Debug|Any CPU
		{BEE3F300-CD9E-4404-9027-F7935C901C8A}.Release|Any CPU.ActiveCfg = Release|Any CPU
		{BEE3F300-CD9E-4404-9027-F7935C901C8A}.Release|Any CPU.Build.0 = Release|Any CPU
	EndGlobalSection
	GlobalSection(SolutionProperties) = preSolution
		HideSolutionNode = FALSE
	EndGlobalSection
	GlobalSection(ExtensibilityGlobals) = postSolution
		SolutionGuid = {D3925C85-F5C2-40E2-B9D7-C73829B221B1}
	EndGlobalSection
EndGlobal
