
Microsoft Visual Studio Solution File, Format Version 12.00
# Visual Studio Version 17
VisualStudioVersion = 17.9.34723.18
MinimumVisualStudioVersion = 10.0.40219.1
Project("{FAE04EC0-301F-11D3-BF4B-00C04F79EFBC}") = "SimpleApp04 [System.Data.SqlClient]", "SimpleApp04 [System.Data.SqlClient]\SimpleApp04 [System.Data.SqlClient].csproj", "{6A8722DC-51B3-4564-AD0A-CAAC3ACA15ED}"
EndProject
Global
	GlobalSection(SolutionConfigurationPlatforms) = preSolution
		Debug|Any CPU = Debug|Any CPU
		Release|Any CPU = Release|Any CPU
	EndGlobalSection
	GlobalSection(ProjectConfigurationPlatforms) = postSolution
		{6A8722DC-51B3-4564-AD0A-CAAC3ACA15ED}.Debug|Any CPU.ActiveCfg = Debug|Any CPU
		{6A8722DC-51B3-4564-AD0A-CAAC3ACA15ED}.Debug|Any CPU.Build.0 = Debug|Any CPU
		{6A8722DC-51B3-4564-AD0A-CAAC3ACA15ED}.Release|Any CPU.ActiveCfg = Release|Any CPU
		{6A8722DC-51B3-4564-AD0A-CAAC3ACA15ED}.Release|Any CPU.Build.0 = Release|Any CPU
	EndGlobalSection
	GlobalSection(SolutionProperties) = preSolution
		HideSolutionNode = FALSE
	EndGlobalSection
	GlobalSection(ExtensibilityGlobals) = postSolution
		SolutionGuid = {FC131608-752B-4413-A08A-26C5A0A423D3}
	EndGlobalSection
EndGlobal
