
Microsoft Visual Studio Solution File, Format Version 12.00
# Visual Studio Version 17
VisualStudioVersion = 17.13.35806.99 d17.13
MinimumVisualStudioVersion = 10.0.40219.1
Project("{FAE04EC0-301F-11D3-BF4B-00C04F79EFBC}") = "WebApplication2", "WebApplication2\WebApplication2.csproj", "{CA4C144A-66EC-47C8-B2D2-2263F5A5BCCA}"
EndProject
Global
	GlobalSection(SolutionConfigurationPlatforms) = preSolution
		Debug|Any CPU = Debug|Any CPU
		Release|Any CPU = Release|Any CPU
	EndGlobalSection
	GlobalSection(ProjectConfigurationPlatforms) = postSolution
		{CA4C144A-66EC-47C8-B2D2-2263F5A5BCCA}.Debug|Any CPU.ActiveCfg = Debug|Any CPU
		{CA4C144A-66EC-47C8-B2D2-2263F5A5BCCA}.Debug|Any CPU.Build.0 = Debug|Any CPU
		{CA4C144A-66EC-47C8-B2D2-2263F5A5BCCA}.Release|Any CPU.ActiveCfg = Release|Any CPU
		{CA4C144A-66EC-47C8-B2D2-2263F5A5BCCA}.Release|Any CPU.Build.0 = Release|Any CPU
	EndGlobalSection
	GlobalSection(SolutionProperties) = preSolution
		HideSolutionNode = FALSE
	EndGlobalSection
	GlobalSection(ExtensibilityGlobals) = postSolution
		SolutionGuid = {3E4D83BC-8006-46B0-9DBC-7E2656004E1C}
	EndGlobalSection
EndGlobal
