
Microsoft Visual Studio Solution File, Format Version 12.00
# Visual Studio Version 17
VisualStudioVersion = 17.10.35122.118
MinimumVisualStudioVersion = 10.0.40219.1
Project("{9A19103F-16F7-4668-BE54-9A1E7A4F7556}") = "SimpleApp13 [MAS]", "SimpleApp13 [MAS]\SimpleApp13 [MAS].csproj", "{F9E7716B-EDDB-4E1D-8EB3-E48066045876}"
EndProject
Project("{9A19103F-16F7-4668-BE54-9A1E7A4F7556}") = "Domain", "Domain\Domain.csproj", "{ABC11C7C-2432-41E5-ACDF-AFEE17321298}"
EndProject
Project("{9A19103F-16F7-4668-BE54-9A1E7A4F7556}") = "Infrastructure", "Infrastructure\Infrastructure.csproj", "{D35D6FDE-CB42-49D0-AA4D-BC489EDF8997}"
EndProject
Project("{9A19103F-16F7-4668-BE54-9A1E7A4F7556}") = "Application", "Application\Application.csproj", "{E3B1044E-6446-4D23-9786-22951EDDD02A}"
EndProject
Project("{9A19103F-16F7-4668-BE54-9A1E7A4F7556}") = "DomainTests", "DomainTests\DomainTests.csproj", "{98A591F1-82C9-43C5-B92A-F4E009A4CE82}"
EndProject
Project("{FAE04EC0-301F-11D3-BF4B-00C04F79EFBC}") = "BlazorFrontEnd", "BlazorFrontEnd\BlazorFrontEnd.csproj", "{70210B77-369F-4EA0-A7C9-6A550C723F11}"
EndProject
Global
	GlobalSection(SolutionConfigurationPlatforms) = preSolution
		Debug|Any CPU = Debug|Any CPU
		Release|Any CPU = Release|Any CPU
	EndGlobalSection
	GlobalSection(ProjectConfigurationPlatforms) = postSolution
		{F9E7716B-EDDB-4E1D-8EB3-E48066045876}.Debug|Any CPU.ActiveCfg = Debug|Any CPU
		{F9E7716B-EDDB-4E1D-8EB3-E48066045876}.Debug|Any CPU.Build.0 = Debug|Any CPU
		{F9E7716B-EDDB-4E1D-8EB3-E48066045876}.Release|Any CPU.ActiveCfg = Release|Any CPU
		{F9E7716B-EDDB-4E1D-8EB3-E48066045876}.Release|Any CPU.Build.0 = Release|Any CPU
		{ABC11C7C-2432-41E5-ACDF-AFEE17321298}.Debug|Any CPU.ActiveCfg = Debug|Any CPU
		{ABC11C7C-2432-41E5-ACDF-AFEE17321298}.Debug|Any CPU.Build.0 = Debug|Any CPU
		{ABC11C7C-2432-41E5-ACDF-AFEE17321298}.Release|Any CPU.ActiveCfg = Release|Any CPU
		{ABC11C7C-2432-41E5-ACDF-AFEE17321298}.Release|Any CPU.Build.0 = Release|Any CPU
		{D35D6FDE-CB42-49D0-AA4D-BC489EDF8997}.Debug|Any CPU.ActiveCfg = Debug|Any CPU
		{D35D6FDE-CB42-49D0-AA4D-BC489EDF8997}.Debug|Any CPU.Build.0 = Debug|Any CPU
		{D35D6FDE-CB42-49D0-AA4D-BC489EDF8997}.Release|Any CPU.ActiveCfg = Release|Any CPU
		{D35D6FDE-CB42-49D0-AA4D-BC489EDF8997}.Release|Any CPU.Build.0 = Release|Any CPU
		{E3B1044E-6446-4D23-9786-22951EDDD02A}.Debug|Any CPU.ActiveCfg = Debug|Any CPU
		{E3B1044E-6446-4D23-9786-22951EDDD02A}.Debug|Any CPU.Build.0 = Debug|Any CPU
		{E3B1044E-6446-4D23-9786-22951EDDD02A}.Release|Any CPU.ActiveCfg = Release|Any CPU
		{E3B1044E-6446-4D23-9786-22951EDDD02A}.Release|Any CPU.Build.0 = Release|Any CPU
		{98A591F1-82C9-43C5-B92A-F4E009A4CE82}.Debug|Any CPU.ActiveCfg = Debug|Any CPU
		{98A591F1-82C9-43C5-B92A-F4E009A4CE82}.Debug|Any CPU.Build.0 = Debug|Any CPU
		{98A591F1-82C9-43C5-B92A-F4E009A4CE82}.Release|Any CPU.ActiveCfg = Release|Any CPU
		{98A591F1-82C9-43C5-B92A-F4E009A4CE82}.Release|Any CPU.Build.0 = Release|Any CPU
		{70210B77-369F-4EA0-A7C9-6A550C723F11}.Debug|Any CPU.ActiveCfg = Debug|Any CPU
		{70210B77-369F-4EA0-A7C9-6A550C723F11}.Debug|Any CPU.Build.0 = Debug|Any CPU
		{70210B77-369F-4EA0-A7C9-6A550C723F11}.Release|Any CPU.ActiveCfg = Release|Any CPU
		{70210B77-369F-4EA0-A7C9-6A550C723F11}.Release|Any CPU.Build.0 = Release|Any CPU
	EndGlobalSection
	GlobalSection(SolutionProperties) = preSolution
		HideSolutionNode = FALSE
	EndGlobalSection
	GlobalSection(ExtensibilityGlobals) = postSolution
		SolutionGuid = {6CD5C398-1AFE-4718-B2C0-2925DBA27A29}
	EndGlobalSection
EndGlobal
